// !$*UTF8*$!
{
	archiveVersion = 1;
	classes = {
	};
	objectVersion = 50;
	objects = {

/* Begin PBXBuildFile section */
		790896CC20F2B2EC00D11BAF /* KittenShopViewModel.swift in Sources */ = {isa = PBXBuildFile; fileRef = 790896CB20F2B2EC00D11BAF /* KittenShopViewModel.swift */; };
		790896CE20F2B97900D11BAF /* Box.swift in Sources */ = {isa = PBXBuildFile; fileRef = 790896CD20F2B97900D11BAF /* Box.swift */; };
		790896D120F2CDA200D11BAF /* KittenShopViewModel+Ext.swift in Sources */ = {isa = PBXBuildFile; fileRef = 790896D020F2CDA200D11BAF /* KittenShopViewModel+Ext.swift */; };
		793F8D2A20EF60D700AA31DC /* AppDelegate.swift in Sources */ = {isa = PBXBuildFile; fileRef = 793F8D2920EF60D700AA31DC /* AppDelegate.swift */; };
		793F8D2C20EF60D700AA31DC /* KittenShopViewController.swift in Sources */ = {isa = PBXBuildFile; fileRef = 793F8D2B20EF60D700AA31DC /* KittenShopViewController.swift */; };
		793F8D2F20EF60D700AA31DC /* Main.storyboard in Resources */ = {isa = PBXBuildFile; fileRef = 793F8D2D20EF60D700AA31DC /* Main.storyboard */; };
		793F8D3120EF60DA00AA31DC /* Assets.xcassets in Resources */ = {isa = PBXBuildFile; fileRef = 793F8D3020EF60DA00AA31DC /* Assets.xcassets */; };
		793F8D3420EF60DA00AA31DC /* LaunchScreen.storyboard in Resources */ = {isa = PBXBuildFile; fileRef = 793F8D3220EF60DA00AA31DC /* LaunchScreen.storyboard */; };
		793F8D3F20EF60DA00AA31DC /* KittenShopTests.swift in Sources */ = {isa = PBXBuildFile; fileRef = 793F8D3E20EF60DA00AA31DC /* KittenShopTests.swift */; };
		793F8D4A20EF61BA00AA31DC /* Kitten.swift in Sources */ = {isa = PBXBuildFile; fileRef = 793F8D4920EF61BA00AA31DC /* Kitten.swift */; };
		793F8D5020EF6ACA00AA31DC /* KittenView.swift in Sources */ = {isa = PBXBuildFile; fileRef = 793F8D4F20EF6ACA00AA31DC /* KittenView.swift */; };
		793F8D5220EF6CD100AA31DC /* KittenDatabase.swift in Sources */ = {isa = PBXBuildFile; fileRef = 793F8D5120EF6CD100AA31DC /* KittenDatabase.swift */; };
/* End PBXBuildFile section */

/* Begin PBXContainerItemProxy section */
		793F8D3B20EF60DA00AA31DC /* PBXContainerItemProxy */ = {
			isa = PBXContainerItemProxy;
			containerPortal = 793F8D1E20EF60D700AA31DC /* Project object */;
			proxyType = 1;
			remoteGlobalIDString = 793F8D2520EF60D700AA31DC;
			remoteInfo = KittenShop;
		};
/* End PBXContainerItemProxy section */

/* Begin PBXFileReference section */
		790896CB20F2B2EC00D11BAF /* KittenShopViewModel.swift */ = {isa = PBXFileReference; lastKnownFileType = sourcecode.swift; path = KittenShopViewModel.swift; sourceTree = "<group>"; };
		790896CD20F2B97900D11BAF /* Box.swift */ = {isa = PBXFileReference; lastKnownFileType = sourcecode.swift; path = Box.swift; sourceTree = "<group>"; };
		790896D020F2CDA200D11BAF /* KittenShopViewModel+Ext.swift */ = {isa = PBXFileReference; lastKnownFileType = sourcecode.swift; path = "KittenShopViewModel+Ext.swift"; sourceTree = "<group>"; };
		793F8D2620EF60D700AA31DC /* KittenShop.app */ = {isa = PBXFileReference; explicitFileType = wrapper.application; includeInIndex = 0; path = KittenShop.app; sourceTree = BUILT_PRODUCTS_DIR; };
		793F8D2920EF60D700AA31DC /* AppDelegate.swift */ = {isa = PBXFileReference; lastKnownFileType = sourcecode.swift; path = AppDelegate.swift; sourceTree = "<group>"; };
		793F8D2B20EF60D700AA31DC /* KittenShopViewController.swift */ = {isa = PBXFileReference; lastKnownFileType = sourcecode.swift; path = KittenShopViewController.swift; sourceTree = "<group>"; };
		793F8D2E20EF60D700AA31DC /* Base */ = {isa = PBXFileReference; lastKnownFileType = file.storyboard; name = Base; path = Base.lproj/Main.storyboard; sourceTree = "<group>"; };
		793F8D3020EF60DA00AA31DC /* Assets.xcassets */ = {isa = PBXFileReference; lastKnownFileType = folder.assetcatalog; path = Assets.xcassets; sourceTree = "<group>"; };
		793F8D3320EF60DA00AA31DC /* Base */ = {isa = PBXFileReference; lastKnownFileType = file.storyboard; name = Base; path = Base.lproj/LaunchScreen.storyboard; sourceTree = "<group>"; };
		793F8D3520EF60DA00AA31DC /* Info.plist */ = {isa = PBXFileReference; lastKnownFileType = text.plist.xml; path = Info.plist; sourceTree = "<group>"; };
		793F8D3A20EF60DA00AA31DC /* KittenShopTests.xctest */ = {isa = PBXFileReference; explicitFileType = wrapper.cfbundle; includeInIndex = 0; path = KittenShopTests.xctest; sourceTree = BUILT_PRODUCTS_DIR; };
		793F8D3E20EF60DA00AA31DC /* KittenShopTests.swift */ = {isa = PBXFileReference; lastKnownFileType = sourcecode.swift; path = KittenShopTests.swift; sourceTree = "<group>"; };
		793F8D4020EF60DA00AA31DC /* Info.plist */ = {isa = PBXFileReference; lastKnownFileType = text.plist.xml; path = Info.plist; sourceTree = "<group>"; };
		793F8D4920EF61BA00AA31DC /* Kitten.swift */ = {isa = PBXFileReference; lastKnownFileType = sourcecode.swift; path = Kitten.swift; sourceTree = "<group>"; };
		793F8D4F20EF6ACA00AA31DC /* KittenView.swift */ = {isa = PBXFileReference; lastKnownFileType = sourcecode.swift; path = KittenView.swift; sourceTree = "<group>"; };
		793F8D5120EF6CD100AA31DC /* KittenDatabase.swift */ = {isa = PBXFileReference; lastKnownFileType = sourcecode.swift; path = KittenDatabase.swift; sourceTree = "<group>"; };
/* End PBXFileReference section */

/* Begin PBXFrameworksBuildPhase section */
		793F8D2320EF60D700AA31DC /* Frameworks */ = {
			isa = PBXFrameworksBuildPhase;
			buildActionMask = 2147483647;
			files = (
			);
			runOnlyForDeploymentPostprocessing = 0;
		};
		793F8D3720EF60DA00AA31DC /* Frameworks */ = {
			isa = PBXFrameworksBuildPhase;
			buildActionMask = 2147483647;
			files = (
			);
			runOnlyForDeploymentPostprocessing = 0;
		};
/* End PBXFrameworksBuildPhase section */

/* Begin PBXGroup section */
		793F8D1D20EF60D700AA31DC = {
			isa = PBXGroup;
			children = (
				793F8D2820EF60D700AA31DC /* KittenShop */,
				793F8D3D20EF60DA00AA31DC /* KittenShopTests */,
				793F8D2720EF60D700AA31DC /* Products */,
			);
			sourceTree = "<group>";
		};
		793F8D2720EF60D700AA31DC /* Products */ = {
			isa = PBXGroup;
			children = (
				793F8D2620EF60D700AA31DC /* KittenShop.app */,
				793F8D3A20EF60DA00AA31DC /* KittenShopTests.xctest */,
			);
			name = Products;
			sourceTree = "<group>";
		};
		793F8D2820EF60D700AA31DC /* KittenShop */ = {
			isa = PBXGroup;
			children = (
				793F8D2920EF60D700AA31DC /* AppDelegate.swift */,
				790896CD20F2B97900D11BAF /* Box.swift */,
				793F8D4C20EF61CC00AA31DC /* Controller */,
				793F8D5320EF9A7400AA31DC /* View */,
				793F8D4B20EF61BF00AA31DC /* Model */,
				793F8D3020EF60DA00AA31DC /* Assets.xcassets */,
				793F8D3520EF60DA00AA31DC /* Info.plist */,
			);
			path = KittenShop;
			sourceTree = "<group>";
		};
		793F8D3D20EF60DA00AA31DC /* KittenShopTests */ = {
			isa = PBXGroup;
			children = (
				793F8D3E20EF60DA00AA31DC /* KittenShopTests.swift */,
				793F8D4020EF60DA00AA31DC /* Info.plist */,
			);
			path = KittenShopTests;
			sourceTree = "<group>";
		};
		793F8D4B20EF61BF00AA31DC /* Model */ = {
			isa = PBXGroup;
			children = (
				793F8D4920EF61BA00AA31DC /* Kitten.swift */,
				793F8D5120EF6CD100AA31DC /* KittenDatabase.swift */,
			);
			path = Model;
			sourceTree = "<group>";
		};
		793F8D4C20EF61CC00AA31DC /* Controller */ = {
			isa = PBXGroup;
			children = (
				793F8D2B20EF60D700AA31DC /* KittenShopViewController.swift */,
				790896CB20F2B2EC00D11BAF /* KittenShopViewModel.swift */,
				790896D020F2CDA200D11BAF /* KittenShopViewModel+Ext.swift */,
			);
			path = Controller;
			sourceTree = "<group>";
		};
		793F8D5320EF9A7400AA31DC /* View */ = {
			isa = PBXGroup;
			children = (
				793F8D4F20EF6ACA00AA31DC /* KittenView.swift */,
				793F8D2D20EF60D700AA31DC /* Main.storyboard */,
				793F8D3220EF60DA00AA31DC /* LaunchScreen.storyboard */,
			);
			path = View;
			sourceTree = "<group>";
		};
/* End PBXGroup section */

/* Begin PBXNativeTarget section */
		793F8D2520EF60D700AA31DC /* KittenShop */ = {
			isa = PBXNativeTarget;
			buildConfigurationList = 793F8D4320EF60DA00AA31DC /* Build configuration list for PBXNativeTarget "KittenShop" */;
			buildPhases = (
				793F8D2220EF60D700AA31DC /* Sources */,
				793F8D2320EF60D700AA31DC /* Frameworks */,
				793F8D2420EF60D700AA31DC /* Resources */,
			);
			buildRules = (
			);
			dependencies = (
			);
			name = KittenShop;
			productName = KittenShop;
			productReference = 793F8D2620EF60D700AA31DC /* KittenShop.app */;
			productType = "com.apple.product-type.application";
		};
		793F8D3920EF60DA00AA31DC /* KittenShopTests */ = {
			isa = PBXNativeTarget;
			buildConfigurationList = 793F8D4620EF60DA00AA31DC /* Build configuration list for PBXNativeTarget "KittenShopTests" */;
			buildPhases = (
				793F8D3620EF60DA00AA31DC /* Sources */,
				793F8D3720EF60DA00AA31DC /* Frameworks */,
				793F8D3820EF60DA00AA31DC /* Resources */,
			);
			buildRules = (
			);
			dependencies = (
				793F8D3C20EF60DA00AA31DC /* PBXTargetDependency */,
			);
			name = KittenShopTests;
			productName = KittenShopTests;
			productReference = 793F8D3A20EF60DA00AA31DC /* KittenShopTests.xctest */;
			productType = "com.apple.product-type.bundle.unit-test";
		};
/* End PBXNativeTarget section */

/* Begin PBXProject section */
		793F8D1E20EF60D700AA31DC /* Project object */ = {
			isa = PBXProject;
			attributes = {
				LastSwiftUpdateCheck = 0940;
				LastUpgradeCheck = 0940;
				ORGANIZATIONNAME = "Andrey Antropov";
				TargetAttributes = {
					793F8D2520EF60D700AA31DC = {
						CreatedOnToolsVersion = 9.4.1;
					};
					793F8D3920EF60DA00AA31DC = {
						CreatedOnToolsVersion = 9.4.1;
						TestTargetID = 793F8D2520EF60D700AA31DC;
					};
				};
			};
			buildConfigurationList = 793F8D2120EF60D700AA31DC /* Build configuration list for PBXProject "KittenShop" */;
			compatibilityVersion = "Xcode 9.3";
			developmentRegion = en;
			hasScannedForEncodings = 0;
			knownRegions = (
				en,
				Base,
			);
			mainGroup = 793F8D1D20EF60D700AA31DC;
			productRefGroup = 793F8D2720EF60D700AA31DC /* Products */;
			projectDirPath = "";
			projectRoot = "";
			targets = (
				793F8D2520EF60D700AA31DC /* KittenShop */,
				793F8D3920EF60DA00AA31DC /* KittenShopTests */,
			);
		};
/* End PBXProject section */

/* Begin PBXResourcesBuildPhase section */
		793F8D2420EF60D700AA31DC /* Resources */ = {
			isa = PBXResourcesBuildPhase;
			buildActionMask = 2147483647;
			files = (
				793F8D3420EF60DA00AA31DC /* LaunchScreen.storyboard in Resources */,
				793F8D3120EF60DA00AA31DC /* Assets.xcassets in Resources */,
				793F8D2F20EF60D700AA31DC /* Main.storyboard in Resources */,
			);
			runOnlyForDeploymentPostprocessing = 0;
		};
		793F8D3820EF60DA00AA31DC /* Resources */ = {
			isa = PBXResourcesBuildPhase;
			buildActionMask = 2147483647;
			files = (
			);
			runOnlyForDeploymentPostprocessing = 0;
		};
/* End PBXResourcesBuildPhase section */

/* Begin PBXSourcesBuildPhase section */
		793F8D2220EF60D700AA31DC /* Sources */ = {
			isa = PBXSourcesBuildPhase;
			buildActionMask = 2147483647;
			files = (
				793F8D2C20EF60D700AA31DC /* KittenShopViewController.swift in Sources */,
				790896D120F2CDA200D11BAF /* KittenShopViewModel+Ext.swift in Sources */,
				793F8D5220EF6CD100AA31DC /* KittenDatabase.swift in Sources */,
				793F8D2A20EF60D700AA31DC /* AppDelegate.swift in Sources */,
				793F8D5020EF6ACA00AA31DC /* KittenView.swift in Sources */,
				793F8D4A20EF61BA00AA31DC /* Kitten.swift in Sources */,
				790896CE20F2B97900D11BAF /* Box.swift in Sources */,
				790896CC20F2B2EC00D11BAF /* KittenShopViewModel.swift in Sources */,
			);
			runOnlyForDeploymentPostprocessing = 0;
		};
		793F8D3620EF60DA00AA31DC /* Sources */ = {
			isa = PBXSourcesBuildPhase;
			buildActionMask = 2147483647;
			files = (
				793F8D3F20EF60DA00AA31DC /* KittenShopTests.swift in Sources */,
			);
			runOnlyForDeploymentPostprocessing = 0;
		};
/* End PBXSourcesBuildPhase section */

/* Begin PBXTargetDependency section */
		793F8D3C20EF60DA00AA31DC /* PBXTargetDependency */ = {
			isa = PBXTargetDependency;
			target = 793F8D2520EF60D700AA31DC /* KittenShop */;
			targetProxy = 793F8D3B20EF60DA00AA31DC /* PBXContainerItemProxy */;
		};
/* End PBXTargetDependency section */

/* Begin PBXVariantGroup section */
		793F8D2D20EF60D700AA31DC /* Main.storyboard */ = {
			isa = PBXVariantGroup;
			children = (
				793F8D2E20EF60D700AA31DC /* Base */,
			);
			name = Main.storyboard;
			sourceTree = "<group>";
		};
		793F8D3220EF60DA00AA31DC /* LaunchScreen.storyboard */ = {
			isa = PBXVariantGroup;
			children = (
				793F8D3320EF60DA00AA31DC /* Base */,
			);
			name = LaunchScreen.storyboard;
			sourceTree = "<group>";
		};
/* End PBXVariantGroup section */

/* Begin XCBuildConfiguration section */
		793F8D4120EF60DA00AA31DC /* Debug */ = {
			isa = XCBuildConfiguration;
			buildSettings = {
				ALWAYS_SEARCH_USER_PATHS = NO;
				CLANG_ANALYZER_NONNULL = YES;
				CLANG_ANALYZER_NUMBER_OBJECT_CONVERSION = YES_AGGRESSIVE;
				CLANG_CXX_LANGUAGE_STANDARD = "gnu++14";
				CLANG_CXX_LIBRARY = "libc++";
				CLANG_ENABLE_MODULES = YES;
				CLANG_ENABLE_OBJC_ARC = YES;
				CLANG_ENABLE_OBJC_WEAK = YES;
				CLANG_WARN_BLOCK_CAPTURE_AUTORELEASING = YES;
				CLANG_WARN_BOOL_CONVERSION = YES;
				CLANG_WARN_COMMA = YES;
				CLANG_WARN_CONSTANT_CONVERSION = YES;
				CLANG_WARN_DEPRECATED_OBJC_IMPLEMENTATIONS = YES;
				CLANG_WARN_DIRECT_OBJC_ISA_USAGE = YES_ERROR;
				CLANG_WARN_DOCUMENTATION_COMMENTS = YES;
				CLANG_WARN_EMPTY_BODY = YES;
				CLANG_WARN_ENUM_CONVERSION = YES;
				CLANG_WARN_INFINITE_RECURSION = YES;
				CLANG_WARN_INT_CONVERSION = YES;
				CLANG_WARN_NON_LITERAL_NULL_CONVERSION = YES;
				CLANG_WARN_OBJC_IMPLICIT_RETAIN_SELF = YES;
				CLANG_WARN_OBJC_LITERAL_CONVERSION = YES;
				CLANG_WARN_OBJC_ROOT_CLASS = YES_ERROR;
				CLANG_WARN_RANGE_LOOP_ANALYSIS = YES;
				CLANG_WARN_STRICT_PROTOTYPES = YES;
				CLANG_WARN_SUSPICIOUS_MOVE = YES;
				CLANG_WARN_UNGUARDED_AVAILABILITY = YES_AGGRESSIVE;
				CLANG_WARN_UNREACHABLE_CODE = YES;
				CLANG_WARN__DUPLICATE_METHOD_MATCH = YES;
				CODE_SIGN_IDENTITY = "iPhone Developer";
				COPY_PHASE_STRIP = NO;
				DEBUG_INFORMATION_FORMAT = dwarf;
				ENABLE_STRICT_OBJC_MSGSEND = YES;
				ENABLE_TESTABILITY = YES;
				GCC_C_LANGUAGE_STANDARD = gnu11;
				GCC_DYNAMIC_NO_PIC = NO;
				GCC_NO_COMMON_BLOCKS = YES;
				GCC_OPTIMIZATION_LEVEL = 0;
				GCC_PREPROCESSOR_DEFINITIONS = (
					"DEBUG=1",
					"$(inherited)",
				);
				GCC_WARN_64_TO_32_BIT_CONVERSION = YES;
				GCC_WARN_ABOUT_RETURN_TYPE = YES_ERROR;
				GCC_WARN_UNDECLARED_SELECTOR = YES;
				GCC_WARN_UNINITIALIZED_AUTOS = YES_AGGRESSIVE;
				GCC_WARN_UNUSED_FUNCTION = YES;
				GCC_WARN_UNUSED_VARIABLE = YES;
				IPHONEOS_DEPLOYMENT_TARGET = 11.4;
				MTL_ENABLE_DEBUG_INFO = YES;
				ONLY_ACTIVE_ARCH = YES;
				SDKROOT = iphoneos;
				SWIFT_ACTIVE_COMPILATION_CONDITIONS = DEBUG;
				SWIFT_OPTIMIZATION_LEVEL = "-Onone";
			};
			name = Debug;
		};
		793F8D4220EF60DA00AA31DC /* Release */ = {
			isa = XCBuildConfiguration;
			buildSettings = {
				ALWAYS_SEARCH_USER_PATHS = NO;
				CLANG_ANALYZER_NONNULL = YES;
				CLANG_ANALYZER_NUMBER_OBJECT_CONVERSION = YES_AGGRESSIVE;
				CLANG_CXX_LANGUAGE_STANDARD = "gnu++14";
				CLANG_CXX_LIBRARY = "libc++";
				CLANG_ENABLE_MODULES = YES;
				CLANG_ENABLE_OBJC_ARC = YES;
				CLANG_ENABLE_OBJC_WEAK = YES;
				CLANG_WARN_BLOCK_CAPTURE_AUTORELEASING = YES;
				CLANG_WARN_BOOL_CONVERSION = YES;
				CLANG_WARN_COMMA = YES;
				CLANG_WARN_CONSTANT_CONVERSION = YES;
				CLANG_WARN_DEPRECATED_OBJC_IMPLEMENTATIONS = YES;
				CLANG_WARN_DIRECT_OBJC_ISA_USAGE = YES_ERROR;
				CLANG_WARN_DOCUMENTATION_COMMENTS = YES;
				CLANG_WARN_EMPTY_BODY = YES;
				CLANG_WARN_ENUM_CONVERSION = YES;
				CLANG_WARN_INFINITE_RECURSION = YES;
				CLANG_WARN_INT_CONVERSION = YES;
				CLANG_WARN_NON_LITERAL_NULL_CONVERSION = YES;
				CLANG_WARN_OBJC_IMPLICIT_RETAIN_SELF = YES;
				CLANG_WARN_OBJC_LITERAL_CONVERSION = YES;
				CLANG_WARN_OBJC_ROOT_CLASS = YES_ERROR;
				CLANG_WARN_RANGE_LOOP_ANALYSIS = YES;
				CLANG_WARN_STRICT_PROTOTYPES = YES;
				CLANG_WARN_SUSPICIOUS_MOVE = YES;
				CLANG_WARN_UNGUARDED_AVAILABILITY = YES_AGGRESSIVE;
				CLANG_WARN_UNREACHABLE_CODE = YES;
				CLANG_WARN__DUPLICATE_METHOD_MATCH = YES;
				CODE_SIGN_IDENTITY = "iPhone Developer";
				COPY_PHASE_STRIP = NO;
				DEBUG_INFORMATION_FORMAT = "dwarf-with-dsym";
				ENABLE_NS_ASSERTIONS = NO;
				ENABLE_STRICT_OBJC_MSGSEND = YES;
				GCC_C_LANGUAGE_STANDARD = gnu11;
				GCC_NO_COMMON_BLOCKS = YES;
				GCC_WARN_64_TO_32_BIT_CONVERSION = YES;
				GCC_WARN_ABOUT_RETURN_TYPE = YES_ERROR;
				GCC_WARN_UNDECLARED_SELECTOR = YES;
				GCC_WARN_UNINITIALIZED_AUTOS = YES_AGGRESSIVE;
				GCC_WARN_UNUSED_FUNCTION = YES;
				GCC_WARN_UNUSED_VARIABLE = YES;
				IPHONEOS_DEPLOYMENT_TARGET = 11.4;
				MTL_ENABLE_DEBUG_INFO = NO;
				SDKROOT = iphoneos;
				SWIFT_COMPILATION_MODE = wholemodule;
				SWIFT_OPTIMIZATION_LEVEL = "-O";
				VALIDATE_PRODUCT = YES;
			};
			name = Release;
		};
		793F8D4420EF60DA00AA31DC /* Debug */ = {
			isa = XCBuildConfiguration;
			buildSettings = {
				ASSETCATALOG_COMPILER_APPICON_NAME = AppIcon;
				CODE_SIGN_STYLE = Automatic;
				DEVELOPMENT_TEAM = EZVQLW66N2;
				INFOPLIST_FILE = KittenShop/Info.plist;
				LD_RUNPATH_SEARCH_PATHS = (
					"$(inherited)",
					"@executable_path/Frameworks",
				);
				PRODUCT_BUNDLE_IDENTIFIER = ru.andrey.antropov.KittenShop;
				PRODUCT_NAME = "$(TARGET_NAME)";
				SWIFT_VERSION = 4.0;
				TARGETED_DEVICE_FAMILY = "1,2";
			};
			name = Debug;
		};
		793F8D4520EF60DA00AA31DC /* Release */ = {
			isa = XCBuildConfiguration;
			buildSettings = {
				ASSETCATALOG_COMPILER_APPICON_NAME = AppIcon;
				CODE_SIGN_STYLE = Automatic;
				DEVELOPMENT_TEAM = EZVQLW66N2;
				INFOPLIST_FILE = KittenShop/Info.plist;
				LD_RUNPATH_SEARCH_PATHS = (
					"$(inherited)",
					"@executable_path/Frameworks",
				);
				PRODUCT_BUNDLE_IDENTIFIER = ru.andrey.antropov.KittenShop;
				PRODUCT_NAME = "$(TARGET_NAME)";
				SWIFT_VERSION = 4.0;
				TARGETED_DEVICE_FAMILY = "1,2";
			};
			name = Release;
		};
		793F8D4720EF60DA00AA31DC /* Debug */ = {
			isa = XCBuildConfiguration;
			buildSettings = {
				ALWAYS_EMBED_SWIFT_STANDARD_LIBRARIES = YES;
				BUNDLE_LOADER = "$(TEST_HOST)";
				CODE_SIGN_STYLE = Automatic;
				DEVELOPMENT_TEAM = EZVQLW66N2;
				INFOPLIST_FILE = KittenShopTests/Info.plist;
				LD_RUNPATH_SEARCH_PATHS = (
					"$(inherited)",
					"@executable_path/Frameworks",
					"@loader_path/Frameworks",
				);
				PRODUCT_BUNDLE_IDENTIFIER = ru.andrey.antropov.KittenShopTests;
				PRODUCT_NAME = "$(TARGET_NAME)";
				SWIFT_VERSION = 4.0;
				TARGETED_DEVICE_FAMILY = "1,2";
				TEST_HOST = "$(BUILT_PRODUCTS_DIR)/KittenShop.app/KittenShop";
			};
			name = Debug;
		};
		793F8D4820EF60DA00AA31DC /* Release */ = {
			isa = XCBuildConfiguration;
			buildSettings = {
				ALWAYS_EMBED_SWIFT_STANDARD_LIBRARIES = YES;
				BUNDLE_LOADER = "$(TEST_HOST)";
				CODE_SIGN_STYLE = Automatic;
				DEVELOPMENT_TEAM = EZVQLW66N2;
				INFOPLIST_FILE = KittenShopTests/Info.plist;
				LD_RUNPATH_SEARCH_PATHS = (
					"$(inherited)",
					"@executable_path/Frameworks",
					"@loader_path/Frameworks",
				);
				PRODUCT_BUNDLE_IDENTIFIER = ru.andrey.antropov.KittenShopTests;
				PRODUCT_NAME = "$(TARGET_NAME)";
				SWIFT_VERSION = 4.0;
				TARGETED_DEVICE_FAMILY = "1,2";
				TEST_HOST = "$(BUILT_PRODUCTS_DIR)/KittenShop.app/KittenShop";
			};
			name = Release;
		};
/* End XCBuildConfiguration section */

/* Begin XCConfigurationList section */
		793F8D2120EF60D700AA31DC /* Build configuration list for PBXProject "KittenShop" */ = {
			isa = XCConfigurationList;
			buildConfigurations = (
				793F8D4120EF60DA00AA31DC /* Debug */,
				793F8D4220EF60DA00AA31DC /* Release */,
			);
			defaultConfigurationIsVisible = 0;
			defaultConfigurationName = Release;
		};
		793F8D4320EF60DA00AA31DC /* Build configuration list for PBXNativeTarget "KittenShop" */ = {
			isa = XCConfigurationList;
			buildConfigurations = (
				793F8D4420EF60DA00AA31DC /* Debug */,
				793F8D4520EF60DA00AA31DC /* Release */,
			);
			defaultConfigurationIsVisible = 0;
			defaultConfigurationName = Release;
		};
		793F8D4620EF60DA00AA31DC /* Build configuration list for PBXNativeTarget "KittenShopTests" */ = {
			isa = XCConfigurationList;
			buildConfigurations = (
				793F8D4720EF60DA00AA31DC /* Debug */,
				793F8D4820EF60DA00AA31DC /* Release */,
			);
			defaultConfigurationIsVisible = 0;
			defaultConfigurationName = Release;
		};
/* End XCConfigurationList section */
	};
	rootObject = 793F8D1E20EF60D700AA31DC /* Project object */;
}
